PODS:
  - Down (0.8.5)
  - SQLite.swift (0.12.2):
    - SQLite.swift/standard (= 0.12.2)
  - SQLite.swift/standard (0.12.2)

DEPENDENCIES:
  - Down
  - SQLite.swift (~> 0.12.2)

SPEC REPOS:
  https://github.com/CocoaPods/Specs.git:
    - Down
    - SQLite.swift

SPEC CHECKSUMS:
  Down: d2554b5006cf45bdb2bc6f19d91ca4fec6a45b31
  SQLite.swift: d2b4642190917051ce6bd1d49aab565fe794eea3

PODFILE CHECKSUM: 7e0333dbcb83119a2cd16cc3f3079ad4eea690ff

COCOAPODS: 1.8.4
