// !$*UTF8*$!
{
	archiveVersion = 1;
	classes = {
	};
	objectVersion = 51;
	objects = {

/* Begin PBXBuildFile section */
		0D00F58D22BC2D6700420EDD /* NoteModel.swift in Sources */ = {isa = PBXBuildFile; fileRef = 0D00F58C22BC2D6700420EDD /* NoteModel.swift */; };
		0D00F58F22BC2E4800420EDD /* NoteBrowserViewController.swift in Sources */ = {isa = PBXBuildFile; fileRef = 0D00F58E22BC2E4800420EDD /* NoteBrowserViewController.swift */; };
		0D00F59122BC2EF700420EDD /* NoteBrowserCellView.swift in Sources */ = {isa = PBXBuildFile; fileRef = 0D00F59022BC2EF700420EDD /* NoteBrowserCellView.swift */; };
		0D00F59322BC376F00420EDD /* NoteEditorViewController.swift in Sources */ = {isa = PBXBuildFile; fileRef = 0D00F59222BC376F00420EDD /* NoteEditorViewController.swift */; };
		0D00F59822BC505900420EDD /* NoteRepository.swift in Sources */ = {isa = PBXBuildFile; fileRef = 0D00F59722BC505900420EDD /* NoteRepository.swift */; };
		0D07FF7122C42E6E000CA632 /* DateFormatHelper.swift in Sources */ = {isa = PBXBuildFile; fileRef = 0D07FF7022C42E6E000CA632 /* DateFormatHelper.swift */; };
		0D40114D22C1700F00A1EC0A /* StringTruncateExtension.swift in Sources */ = {isa = PBXBuildFile; fileRef = 0D40114C22C1700F00A1EC0A /* StringTruncateExtension.swift */; };
		0D61326122F3A01A007AB6AD /* BaseViewController.swift in Sources */ = {isa = PBXBuildFile; fileRef = 0D61326022F3A01A007AB6AD /* BaseViewController.swift */; };
		0D63739D22B2F17300CFB4E2 /* AppDelegate.swift in Sources */ = {isa = PBXBuildFile; fileRef = 0D63739C22B2F17300CFB4E2 /* AppDelegate.swift */; };
		0D63739F22B2F17300CFB4E2 /* NoteViewController.swift in Sources */ = {isa = PBXBuildFile; fileRef = 0D63739E22B2F17300CFB4E2 /* NoteViewController.swift */; };
		0D6373A122B2F17400CFB4E2 /* Assets.xcassets in Resources */ = {isa = PBXBuildFile; fileRef = 0D6373A022B2F17400CFB4E2 /* Assets.xcassets */; };
		0D6373A422B2F17400CFB4E2 /* Main.storyboard in Resources */ = {isa = PBXBuildFile; fileRef = 0D6373A222B2F17400CFB4E2 /* Main.storyboard */; };
		0D6373B022B2F17400CFB4E2 /* NotaFrescaTests.swift in Sources */ = {isa = PBXBuildFile; fileRef = 0D6373AF22B2F17400CFB4E2 /* NotaFrescaTests.swift */; };
		0D6373BB22B2F17400CFB4E2 /* NotaFrescaUITests.swift in Sources */ = {isa = PBXBuildFile; fileRef = 0D6373BA22B2F17400CFB4E2 /* NotaFrescaUITests.swift */; };
		0D746ACF22CD7730007A86DF /* DatabaseHelper.swift in Sources */ = {isa = PBXBuildFile; fileRef = 0D746ACE22CD7730007A86DF /* DatabaseHelper.swift */; };
		0D746AD122CEC362007A86DF /* BaseModel.swift in Sources */ = {isa = PBXBuildFile; fileRef = 0D746AD022CEC362007A86DF /* BaseModel.swift */; };
		0D746AD522D0FEEA007A86DF /* NoteDataStruct.swift in Sources */ = {isa = PBXBuildFile; fileRef = 0D746AD422D0FEEA007A86DF /* NoteDataStruct.swift */; };
		0D746AD722D11C2D007A86DF /* NSTableViewExtension.swift in Sources */ = {isa = PBXBuildFile; fileRef = 0D746AD622D11C2D007A86DF /* NSTableViewExtension.swift */; };
		0D746ADC22D2939D007A86DF /* NoteEditorSyncDelegate.swift in Sources */ = {isa = PBXBuildFile; fileRef = 0D746ADB22D2939D007A86DF /* NoteEditorSyncDelegate.swift */; };
		0D746ADE22D29CFA007A86DF /* DialogHelper.swift in Sources */ = {isa = PBXBuildFile; fileRef = 0D746ADD22D29CFA007A86DF /* DialogHelper.swift */; };
		0D746AE022D542D9007A86DF /* BaseRepository.swift in Sources */ = {isa = PBXBuildFile; fileRef = 0D746ADF22D542D9007A86DF /* BaseRepository.swift */; };
		0D8EED7DBEC6A83F66DB142E /* Pods_NotaFrescaTests.framework in Frameworks */ = {isa = PBXBuildFile; fileRef = 196997861758C96B48885A79 /* Pods_NotaFrescaTests.framework */; };
		0DF085D622B3025D00EBF9EC /* AppWindowController.swift in Sources */ = {isa = PBXBuildFile; fileRef = 0DF085D522B3025D00EBF9EC /* AppWindowController.swift */; };
		0DF9E57922EA458200134D23 /* I18nHelper.swift in Sources */ = {isa = PBXBuildFile; fileRef = 0DF9E57822EA458200134D23 /* I18nHelper.swift */; };
		0DF9E57F22EA55AA00134D23 /* i18nContent.json in Resources */ = {isa = PBXBuildFile; fileRef = 0DF9E57E22EA558D00134D23 /* i18nContent.json */; };
		4A5D298EA195C45E16090A62 /* Pods_NotaFrescaUITests.framework in Frameworks */ = {isa = PBXBuildFile; fileRef = AFEE814BC3E66560137D9D5A /* Pods_NotaFrescaUITests.framework */; };
		D7F54A6EC7DE43B6D649A879 /* Pods_NotaFresca.framework in Frameworks */ = {isa = PBXBuildFile; fileRef = C328979385E9A7F555CE7346 /* Pods_NotaFresca.framework */; };
/* End PBXBuildFile section */

/* Begin PBXContainerItemProxy section */
		0D6373AC22B2F17400CFB4E2 /* PBXContainerItemProxy */ = {
			isa = PBXContainerItemProxy;
			containerPortal = 0D63739122B2F17200CFB4E2 /* Project object */;
			proxyType = 1;
			remoteGlobalIDString = 0D63739822B2F17300CFB4E2;
			remoteInfo = NotaFresca;
		};
		0D6373B722B2F17400CFB4E2 /* PBXContainerItemProxy */ = {
			isa = PBXContainerItemProxy;
			containerPortal = 0D63739122B2F17200CFB4E2 /* Project object */;
			proxyType = 1;
			remoteGlobalIDString = 0D63739822B2F17300CFB4E2;
			remoteInfo = NotaFresca;
		};
/* End PBXContainerItemProxy section */

/* Begin PBXFileReference section */
		0D00F58C22BC2D6700420EDD /* NoteModel.swift */ = {isa = PBXFileReference; lastKnownFileType = sourcecode.swift; path = NoteModel.swift; sourceTree = "<group>"; };
		0D00F58E22BC2E4800420EDD /* NoteBrowserViewController.swift */ = {isa = PBXFileReference; lastKnownFileType = sourcecode.swift; path = NoteBrowserViewController.swift; sourceTree = "<group>"; };
		0D00F59022BC2EF700420EDD /* NoteBrowserCellView.swift */ = {isa = PBXFileReference; lastKnownFileType = sourcecode.swift; path = NoteBrowserCellView.swift; sourceTree = "<group>"; };
		0D00F59222BC376F00420EDD /* NoteEditorViewController.swift */ = {isa = PBXFileReference; lastKnownFileType = sourcecode.swift; path = NoteEditorViewController.swift; sourceTree = "<group>"; };
		0D00F59722BC505900420EDD /* NoteRepository.swift */ = {isa = PBXFileReference; lastKnownFileType = sourcecode.swift; path = NoteRepository.swift; sourceTree = "<group>"; };
		0D07FF7022C42E6E000CA632 /* DateFormatHelper.swift */ = {isa = PBXFileReference; lastKnownFileType = sourcecode.swift; path = DateFormatHelper.swift; sourceTree = "<group>"; };
		0D40114C22C1700F00A1EC0A /* StringTruncateExtension.swift */ = {isa = PBXFileReference; lastKnownFileType = sourcecode.swift; path = StringTruncateExtension.swift; sourceTree = "<group>"; };
		0D61326022F3A01A007AB6AD /* BaseViewController.swift */ = {isa = PBXFileReference; lastKnownFileType = sourcecode.swift; path = BaseViewController.swift; sourceTree = "<group>"; };
		0D63739922B2F17300CFB4E2 /* NotaFresca.app */ = {isa = PBXFileReference; explicitFileType = wrapper.application; includeInIndex = 0; path = NotaFresca.app; sourceTree = BUILT_PRODUCTS_DIR; };
		0D63739C22B2F17300CFB4E2 /* AppDelegate.swift */ = {isa = PBXFileReference; lastKnownFileType = sourcecode.swift; path = AppDelegate.swift; sourceTree = "<group>"; };
		0D63739E22B2F17300CFB4E2 /* NoteViewController.swift */ = {isa = PBXFileReference; lastKnownFileType = sourcecode.swift; path = NoteViewController.swift; sourceTree = "<group>"; };
		0D6373A022B2F17400CFB4E2 /* Assets.xcassets */ = {isa = PBXFileReference; lastKnownFileType = folder.assetcatalog; path = Assets.xcassets; sourceTree = "<group>"; };
		0D6373A322B2F17400CFB4E2 /* Base */ = {isa = PBXFileReference; lastKnownFileType = file.storyboard; name = Base; path = Base.lproj/Main.storyboard; sourceTree = "<group>"; };
		0D6373A522B2F17400CFB4E2 /* Info.plist */ = {isa = PBXFileReference; lastKnownFileType = text.plist.xml; path = Info.plist; sourceTree = "<group>"; };
		0D6373A622B2F17400CFB4E2 /* NotaFresca.entitlements */ = {isa = PBXFileReference; lastKnownFileType = text.plist.entitlements; path = NotaFresca.entitlements; sourceTree = "<group>"; };
		0D6373AB22B2F17400CFB4E2 /* NotaFrescaTests.xctest */ = {isa = PBXFileReference; explicitFileType = wrapper.cfbundle; includeInIndex = 0; path = NotaFrescaTests.xctest; sourceTree = BUILT_PRODUCTS_DIR; };
		0D6373AF22B2F17400CFB4E2 /* NotaFrescaTests.swift */ = {isa = PBXFileReference; lastKnownFileType = sourcecode.swift; path = NotaFrescaTests.swift; sourceTree = "<group>"; };
		0D6373B122B2F17400CFB4E2 /* Info.plist */ = {isa = PBXFileReference; lastKnownFileType = text.plist.xml; path = Info.plist; sourceTree = "<group>"; };
		0D6373B622B2F17400CFB4E2 /* NotaFrescaUITests.xctest */ = {isa = PBXFileReference; explicitFileType = wrapper.cfbundle; includeInIndex = 0; path = NotaFrescaUITests.xctest; sourceTree = BUILT_PRODUCTS_DIR; };
		0D6373BA22B2F17400CFB4E2 /* NotaFrescaUITests.swift */ = {isa = PBXFileReference; lastKnownFileType = sourcecode.swift; path = NotaFrescaUITests.swift; sourceTree = "<group>"; };
		0D6373BC22B2F17400CFB4E2 /* Info.plist */ = {isa = PBXFileReference; lastKnownFileType = text.plist.xml; path = Info.plist; sourceTree = "<group>"; };
		0D746ACE22CD7730007A86DF /* DatabaseHelper.swift */ = {isa = PBXFileReference; lastKnownFileType = sourcecode.swift; path = DatabaseHelper.swift; sourceTree = "<group>"; };
		0D746AD022CEC362007A86DF /* BaseModel.swift */ = {isa = PBXFileReference; lastKnownFileType = sourcecode.swift; path = BaseModel.swift; sourceTree = "<group>"; };
		0D746AD422D0FEEA007A86DF /* NoteDataStruct.swift */ = {isa = PBXFileReference; lastKnownFileType = sourcecode.swift; path = NoteDataStruct.swift; sourceTree = "<group>"; };
		0D746AD622D11C2D007A86DF /* NSTableViewExtension.swift */ = {isa = PBXFileReference; lastKnownFileType = sourcecode.swift; path = NSTableViewExtension.swift; sourceTree = "<group>"; };
		0D746ADB22D2939D007A86DF /* NoteEditorSyncDelegate.swift */ = {isa = PBXFileReference; lastKnownFileType = sourcecode.swift; path = NoteEditorSyncDelegate.swift; sourceTree = "<group>"; };
		0D746ADD22D29CFA007A86DF /* DialogHelper.swift */ = {isa = PBXFileReference; lastKnownFileType = sourcecode.swift; path = DialogHelper.swift; sourceTree = "<group>"; };
		0D746ADF22D542D9007A86DF /* BaseRepository.swift */ = {isa = PBXFileReference; lastKnownFileType = sourcecode.swift; path = BaseRepository.swift; sourceTree = "<group>"; };
		0DF085D522B3025D00EBF9EC /* AppWindowController.swift */ = {isa = PBXFileReference; lastKnownFileType = sourcecode.swift; path = AppWindowController.swift; sourceTree = "<group>"; };
		0DF9E57822EA458200134D23 /* I18nHelper.swift */ = {isa = PBXFileReference; lastKnownFileType = sourcecode.swift; path = I18nHelper.swift; sourceTree = "<group>"; };
		0DF9E57E22EA558D00134D23 /* i18nContent.json */ = {isa = PBXFileReference; lastKnownFileType = text.json; path = i18nContent.json; sourceTree = "<group>"; };
		196997861758C96B48885A79 /* Pods_NotaFrescaTests.framework */ = {isa = PBXFileReference; explicitFileType = wrapper.framework; includeInIndex = 0; path = Pods_NotaFrescaTests.framework; sourceTree = BUILT_PRODUCTS_DIR; };
		1F0A6B6724A84A1896CB4E60 /* Pods-NotaFresca.debug.xcconfig */ = {isa = PBXFileReference; includeInIndex = 1; lastKnownFileType = text.xcconfig; name = "Pods-NotaFresca.debug.xcconfig"; path = "Target Support Files/Pods-NotaFresca/Pods-NotaFresca.debug.xcconfig"; sourceTree = "<group>"; };
		51E87223DF0975A125B8C152 /* Pods-NotaFresca.release.xcconfig */ = {isa = PBXFileReference; includeInIndex = 1; lastKnownFileType = text.xcconfig; name = "Pods-NotaFresca.release.xcconfig"; path = "Target Support Files/Pods-NotaFresca/Pods-NotaFresca.release.xcconfig"; sourceTree = "<group>"; };
		5AA42E22A7EE72B521FB4856 /* Pods-NotaFrescaTests.debug.xcconfig */ = {isa = PBXFileReference; includeInIndex = 1; lastKnownFileType = text.xcconfig; name = "Pods-NotaFrescaTests.debug.xcconfig"; path = "Target Support Files/Pods-NotaFrescaTests/Pods-NotaFrescaTests.debug.xcconfig"; sourceTree = "<group>"; };
		9B003FB5815D5B42826B713A /* Pods-NotaFrescaTests.release.xcconfig */ = {isa = PBXFileReference; includeInIndex = 1; lastKnownFileType = text.xcconfig; name = "Pods-NotaFrescaTests.release.xcconfig"; path = "Target Support Files/Pods-NotaFrescaTests/Pods-NotaFrescaTests.release.xcconfig"; sourceTree = "<group>"; };
		AFEE814BC3E66560137D9D5A /* Pods_NotaFrescaUITests.framework */ = {isa = PBXFileReference; explicitFileType = wrapper.framework; includeInIndex = 0; path = Pods_NotaFrescaUITests.framework; sourceTree = BUILT_PRODUCTS_DIR; };
		C328979385E9A7F555CE7346 /* Pods_NotaFresca.framework */ = {isa = PBXFileReference; explicitFileType = wrapper.framework; includeInIndex = 0; path = Pods_NotaFresca.framework; sourceTree = BUILT_PRODUCTS_DIR; };
		D16EE09163DCD9DBF1BC9B31 /* Pods-NotaFrescaUITests.release.xcconfig */ = {isa = PBXFileReference; includeInIndex = 1; lastKnownFileType = text.xcconfig; name = "Pods-NotaFrescaUITests.release.xcconfig"; path = "Target Support Files/Pods-NotaFrescaUITests/Pods-NotaFrescaUITests.release.xcconfig"; sourceTree = "<group>"; };
		FB77D463926751B0C318FF5E /* Pods-NotaFrescaUITests.debug.xcconfig */ = {isa = PBXFileReference; includeInIndex = 1; lastKnownFileType = text.xcconfig; name = "Pods-NotaFrescaUITests.debug.xcconfig"; path = "Target Support Files/Pods-NotaFrescaUITests/Pods-NotaFrescaUITests.debug.xcconfig"; sourceTree = "<group>"; };
/* End PBXFileReference section */

/* Begin PBXFrameworksBuildPhase section */
		0D63739622B2F17300CFB4E2 /* Frameworks */ = {
			isa = PBXFrameworksBuildPhase;
			buildActionMask = 2147483647;
			files = (
				D7F54A6EC7DE43B6D649A879 /* Pods_NotaFresca.framework in Frameworks */,
			);
			runOnlyForDeploymentPostprocessing = 0;
		};
		0D6373A822B2F17400CFB4E2 /* Frameworks */ = {
			isa = PBXFrameworksBuildPhase;
			buildActionMask = 2147483647;
			files = (
				0D8EED7DBEC6A83F66DB142E /* Pods_NotaFrescaTests.framework in Frameworks */,
			);
			runOnlyForDeploymentPostprocessing = 0;
		};
		0D6373B322B2F17400CFB4E2 /* Frameworks */ = {
			isa = PBXFrameworksBuildPhase;
			buildActionMask = 2147483647;
			files = (
				4A5D298EA195C45E16090A62 /* Pods_NotaFrescaUITests.framework in Frameworks */,
			);
			runOnlyForDeploymentPostprocessing = 0;
		};
/* End PBXFrameworksBuildPhase section */

/* Begin PBXGroup section */
		0D00F58A22BC2B6200420EDD /* Views */ = {
			isa = PBXGroup;
			children = (
				0D00F59522BC37A700420EDD /* Editor */,
				0D00F59422BC379500420EDD /* Browser */,
				0D63739E22B2F17300CFB4E2 /* NoteViewController.swift */,
			);
			path = Views;
			sourceTree = "<group>";
		};
		0D00F58B22BC2D5600420EDD /* Models */ = {
			isa = PBXGroup;
			children = (
				0D00F58C22BC2D6700420EDD /* NoteModel.swift */,
				0D746AD022CEC362007A86DF /* BaseModel.swift */,
				0D746AD422D0FEEA007A86DF /* NoteDataStruct.swift */,
			);
			path = Models;
			sourceTree = "<group>";
		};
		0D00F59422BC379500420EDD /* Browser */ = {
			isa = PBXGroup;
			children = (
				0D00F58E22BC2E4800420EDD /* NoteBrowserViewController.swift */,
				0D00F59022BC2EF700420EDD /* NoteBrowserCellView.swift */,
			);
			path = Browser;
			sourceTree = "<group>";
		};
		0D00F59522BC37A700420EDD /* Editor */ = {
			isa = PBXGroup;
			children = (
				0D00F59222BC376F00420EDD /* NoteEditorViewController.swift */,
			);
			path = Editor;
			sourceTree = "<group>";
		};
		0D00F59622BC504600420EDD /* Repositories */ = {
			isa = PBXGroup;
			children = (
				0D00F59722BC505900420EDD /* NoteRepository.swift */,
				0D746ADF22D542D9007A86DF /* BaseRepository.swift */,
			);
			path = Repositories;
			sourceTree = "<group>";
		};
		0D07FF6F22C42E4E000CA632 /* Helpers */ = {
			isa = PBXGroup;
			children = (
				0D07FF7022C42E6E000CA632 /* DateFormatHelper.swift */,
				0D746ACE22CD7730007A86DF /* DatabaseHelper.swift */,
				0D746ADD22D29CFA007A86DF /* DialogHelper.swift */,
				0DF9E57822EA458200134D23 /* I18nHelper.swift */,
			);
			path = Helpers;
			sourceTree = "<group>";
		};
		0D40114B22C16FE400A1EC0A /* Extensions */ = {
			isa = PBXGroup;
			children = (
				0D40114C22C1700F00A1EC0A /* StringTruncateExtension.swift */,
				0D746AD622D11C2D007A86DF /* NSTableViewExtension.swift */,
			);
			path = Extensions;
			sourceTree = "<group>";
		};
		0D63739022B2F17200CFB4E2 = {
			isa = PBXGroup;
			children = (
				0D63739B22B2F17300CFB4E2 /* NotaFresca */,
				0D6373AE22B2F17400CFB4E2 /* NotaFrescaTests */,
				0D6373B922B2F17400CFB4E2 /* NotaFrescaUITests */,
				0D63739A22B2F17300CFB4E2 /* Products */,
				BDA4DE41ED29F0FDE3BE2EC6 /* Pods */,
				9F32362FC12609442CDFEFF2 /* Frameworks */,
			);
			sourceTree = "<group>";
		};
		0D63739A22B2F17300CFB4E2 /* Products */ = {
			isa = PBXGroup;
			children = (
				0D63739922B2F17300CFB4E2 /* NotaFresca.app */,
				0D6373AB22B2F17400CFB4E2 /* NotaFrescaTests.xctest */,
				0D6373B622B2F17400CFB4E2 /* NotaFrescaUITests.xctest */,
			);
			name = Products;
			sourceTree = "<group>";
		};
		0D63739B22B2F17300CFB4E2 /* NotaFresca */ = {
			isa = PBXGroup;
			children = (
				0DF9E57D22EA555B00134D23 /* Resources */,
				0D746AD822D28BB7007A86DF /* Delegates */,
				0D07FF6F22C42E4E000CA632 /* Helpers */,
				0D40114B22C16FE400A1EC0A /* Extensions */,
				0D00F59622BC504600420EDD /* Repositories */,
				0D00F58B22BC2D5600420EDD /* Models */,
				0D00F58A22BC2B6200420EDD /* Views */,
				0DF085D722B303F000EBF9EC /* Controllers */,
				0D63739C22B2F17300CFB4E2 /* AppDelegate.swift */,
				0D6373A022B2F17400CFB4E2 /* Assets.xcassets */,
				0D6373A222B2F17400CFB4E2 /* Main.storyboard */,
				0D6373A522B2F17400CFB4E2 /* Info.plist */,
				0D6373A622B2F17400CFB4E2 /* NotaFresca.entitlements */,
			);
			path = NotaFresca;
			sourceTree = "<group>";
		};
		0D6373AE22B2F17400CFB4E2 /* NotaFrescaTests */ = {
			isa = PBXGroup;
			children = (
				0D6373AF22B2F17400CFB4E2 /* NotaFrescaTests.swift */,
				0D6373B122B2F17400CFB4E2 /* Info.plist */,
			);
			path = NotaFrescaTests;
			sourceTree = "<group>";
		};
		0D6373B922B2F17400CFB4E2 /* NotaFrescaUITests */ = {
			isa = PBXGroup;
			children = (
				0D6373BA22B2F17400CFB4E2 /* NotaFrescaUITests.swift */,
				0D6373BC22B2F17400CFB4E2 /* Info.plist */,
			);
			path = NotaFrescaUITests;
			sourceTree = "<group>";
		};
		0D746AD822D28BB7007A86DF /* Delegates */ = {
			isa = PBXGroup;
			children = (
				0D746ADB22D2939D007A86DF /* NoteEditorSyncDelegate.swift */,
			);
			path = Delegates;
			sourceTree = "<group>";
		};
		0DF085D722B303F000EBF9EC /* Controllers */ = {
			isa = PBXGroup;
			children = (
				0DF085D522B3025D00EBF9EC /* AppWindowController.swift */,
				0D61326022F3A01A007AB6AD /* BaseViewController.swift */,
			);
			path = Controllers;
			sourceTree = "<group>";
		};
		0DF9E57D22EA555B00134D23 /* Resources */ = {
			isa = PBXGroup;
			children = (
				0DF9E57E22EA558D00134D23 /* i18nContent.json */,
			);
			path = Resources;
			sourceTree = "<group>";
		};
		9F32362FC12609442CDFEFF2 /* Frameworks */ = {
			isa = PBXGroup;
			children = (
				C328979385E9A7F555CE7346 /* Pods_NotaFresca.framework */,
				196997861758C96B48885A79 /* Pods_NotaFrescaTests.framework */,
				AFEE814BC3E66560137D9D5A /* Pods_NotaFrescaUITests.framework */,
			);
			name = Frameworks;
			sourceTree = "<group>";
		};
		BDA4DE41ED29F0FDE3BE2EC6 /* Pods */ = {
			isa = PBXGroup;
			children = (
				1F0A6B6724A84A1896CB4E60 /* Pods-NotaFresca.debug.xcconfig */,
				51E87223DF0975A125B8C152 /* Pods-NotaFresca.release.xcconfig */,
				5AA42E22A7EE72B521FB4856 /* Pods-NotaFrescaTests.debug.xcconfig */,
				9B003FB5815D5B42826B713A /* Pods-NotaFrescaTests.release.xcconfig */,
				FB77D463926751B0C318FF5E /* Pods-NotaFrescaUITests.debug.xcconfig */,
				D16EE09163DCD9DBF1BC9B31 /* Pods-NotaFrescaUITests.release.xcconfig */,
			);
			path = Pods;
			sourceTree = "<group>";
		};
/* End PBXGroup section */

/* Begin PBXNativeTarget section */
		0D63739822B2F17300CFB4E2 /* NotaFresca */ = {
			isa = PBXNativeTarget;
			buildConfigurationList = 0D6373BF22B2F17400CFB4E2 /* Build configuration list for PBXNativeTarget "NotaFresca" */;
			buildPhases = (
				980AD058F8466971BE6FD7A8 /* [CP] Check Pods Manifest.lock */,
				0D63739522B2F17300CFB4E2 /* Sources */,
				0D63739622B2F17300CFB4E2 /* Frameworks */,
				0D63739722B2F17300CFB4E2 /* Resources */,
				C666A947CDF6C8A1DC6A77C1 /* [CP] Embed Pods Frameworks */,
			);
			buildRules = (
			);
			dependencies = (
			);
			name = NotaFresca;
			productName = NotaFresca;
			productReference = 0D63739922B2F17300CFB4E2 /* NotaFresca.app */;
			productType = "com.apple.product-type.application";
		};
		0D6373AA22B2F17400CFB4E2 /* NotaFrescaTests */ = {
			isa = PBXNativeTarget;
			buildConfigurationList = 0D6373C222B2F17400CFB4E2 /* Build configuration list for PBXNativeTarget "NotaFrescaTests" */;
			buildPhases = (
				BC7DC2F43C6E0E4DEFE1D618 /* [CP] Check Pods Manifest.lock */,
				0D6373A722B2F17400CFB4E2 /* Sources */,
				0D6373A822B2F17400CFB4E2 /* Frameworks */,
				0D6373A922B2F17400CFB4E2 /* Resources */,
			);
			buildRules = (
			);
			dependencies = (
				0D6373AD22B2F17400CFB4E2 /* PBXTargetDependency */,
			);
			name = NotaFrescaTests;
			productName = NotaFrescaTests;
			productReference = 0D6373AB22B2F17400CFB4E2 /* NotaFrescaTests.xctest */;
			productType = "com.apple.product-type.bundle.unit-test";
		};
		0D6373B522B2F17400CFB4E2 /* NotaFrescaUITests */ = {
			isa = PBXNativeTarget;
			buildConfigurationList = 0D6373C522B2F17400CFB4E2 /* Build configuration list for PBXNativeTarget "NotaFrescaUITests" */;
			buildPhases = (
				1B362E696FD80E1179B03ABE /* [CP] Check Pods Manifest.lock */,
				0D6373B222B2F17400CFB4E2 /* Sources */,
				0D6373B322B2F17400CFB4E2 /* Frameworks */,
				0D6373B422B2F17400CFB4E2 /* Resources */,
			);
			buildRules = (
			);
			dependencies = (
				0D6373B822B2F17400CFB4E2 /* PBXTargetDependency */,
			);
			name = NotaFrescaUITests;
			productName = NotaFrescaUITests;
			productReference = 0D6373B622B2F17400CFB4E2 /* NotaFrescaUITests.xctest */;
			productType = "com.apple.product-type.bundle.ui-testing";
		};
/* End PBXNativeTarget section */

/* Begin PBXProject section */
		0D63739122B2F17200CFB4E2 /* Project object */ = {
			isa = PBXProject;
			attributes = {
				LastSwiftUpdateCheck = 1020;
				LastUpgradeCheck = 1020;
				ORGANIZATIONNAME = cognophile;
				TargetAttributes = {
					0D63739822B2F17300CFB4E2 = {
						CreatedOnToolsVersion = 10.2.1;
					};
					0D6373AA22B2F17400CFB4E2 = {
						CreatedOnToolsVersion = 10.2.1;
						TestTargetID = 0D63739822B2F17300CFB4E2;
					};
					0D6373B522B2F17400CFB4E2 = {
						CreatedOnToolsVersion = 10.2.1;
						TestTargetID = 0D63739822B2F17300CFB4E2;
					};
				};
			};
			buildConfigurationList = 0D63739422B2F17200CFB4E2 /* Build configuration list for PBXProject "NotaFresca" */;
			compatibilityVersion = "Xcode 9.3";
			developmentRegion = en;
			hasScannedForEncodings = 0;
			knownRegions = (
				en,
				Base,
			);
			mainGroup = 0D63739022B2F17200CFB4E2;
			productRefGroup = 0D63739A22B2F17300CFB4E2 /* Products */;
			projectDirPath = "";
			projectRoot = "";
			targets = (
				0D63739822B2F17300CFB4E2 /* NotaFresca */,
				0D6373AA22B2F17400CFB4E2 /* NotaFrescaTests */,
				0D6373B522B2F17400CFB4E2 /* NotaFrescaUITests */,
			);
		};
/* End PBXProject section */

/* Begin PBXResourcesBuildPhase section */
		0D63739722B2F17300CFB4E2 /* Resources */ = {
			isa = PBXResourcesBuildPhase;
			buildActionMask = 2147483647;
			files = (
				0DF9E57F22EA55AA00134D23 /* i18nContent.json in Resources */,
				0D6373A122B2F17400CFB4E2 /* Assets.xcassets in Resources */,
				0D6373A422B2F17400CFB4E2 /* Main.storyboard in Resources */,
			);
			runOnlyForDeploymentPostprocessing = 0;
		};
		0D6373A922B2F17400CFB4E2 /* Resources */ = {
			isa = PBXResourcesBuildPhase;
			buildActionMask = 2147483647;
			files = (
			);
			runOnlyForDeploymentPostprocessing = 0;
		};
		0D6373B422B2F17400CFB4E2 /* Resources */ = {
			isa = PBXResourcesBuildPhase;
			buildActionMask = 2147483647;
			files = (
			);
			runOnlyForDeploymentPostprocessing = 0;
		};
/* End PBXResourcesBuildPhase section */

/* Begin PBXShellScriptBuildPhase section */
		1B362E696FD80E1179B03ABE /* [CP] Check Pods Manifest.lock */ = {
			isa = PBXShellScriptBuildPhase;
			buildActionMask = 2147483647;
			files = (
			);
			inputFileListPaths = (
			);
			inputPaths = (
				"${PODS_PODFILE_DIR_PATH}/Podfile.lock",
				"${PODS_ROOT}/Manifest.lock",
			);
			name = "[CP] Check Pods Manifest.lock";
			outputFileListPaths = (
			);
			outputPaths = (
				"$(DERIVED_FILE_DIR)/Pods-NotaFrescaUITests-checkManifestLockResult.txt",
			);
			runOnlyForDeploymentPostprocessing = 0;
			shellPath = /bin/sh;
			shellScript = "diff \"${PODS_PODFILE_DIR_PATH}/Podfile.lock\" \"${PODS_ROOT}/Manifest.lock\" > /dev/null\nif [ $? != 0 ] ; then\n    # print error to STDERR\n    echo \"error: The sandbox is not in sync with the Podfile.lock. Run 'pod install' or update your CocoaPods installation.\" >&2\n    exit 1\nfi\n# This output is used by Xcode 'outputs' to avoid re-running this script phase.\necho \"SUCCESS\" > \"${SCRIPT_OUTPUT_FILE_0}\"\n";
			showEnvVarsInLog = 0;
		};
		980AD058F8466971BE6FD7A8 /* [CP] Check Pods Manifest.lock */ = {
			isa = PBXShellScriptBuildPhase;
			buildActionMask = 2147483647;
			files = (
			);
			inputFileListPaths = (
			);
			inputPaths = (
				"${PODS_PODFILE_DIR_PATH}/Podfile.lock",
				"${PODS_ROOT}/Manifest.lock",
			);
			name = "[CP] Check Pods Manifest.lock";
			outputFileListPaths = (
			);
			outputPaths = (
				"$(DERIVED_FILE_DIR)/Pods-NotaFresca-checkManifestLockResult.txt",
			);
			runOnlyForDeploymentPostprocessing = 0;
			shellPath = /bin/sh;
			shellScript = "diff \"${PODS_PODFILE_DIR_PATH}/Podfile.lock\" \"${PODS_ROOT}/Manifest.lock\" > /dev/null\nif [ $? != 0 ] ; then\n    # print error to STDERR\n    echo \"error: The sandbox is not in sync with the Podfile.lock. Run 'pod install' or update your CocoaPods installation.\" >&2\n    exit 1\nfi\n# This output is used by Xcode 'outputs' to avoid re-running this script phase.\necho \"SUCCESS\" > \"${SCRIPT_OUTPUT_FILE_0}\"\n";
			showEnvVarsInLog = 0;
		};
		BC7DC2F43C6E0E4DEFE1D618 /* [CP] Check Pods Manifest.lock */ = {
			isa = PBXShellScriptBuildPhase;
			buildActionMask = 2147483647;
			files = (
			);
			inputFileListPaths = (
			);
			inputPaths = (
				"${PODS_PODFILE_DIR_PATH}/Podfile.lock",
				"${PODS_ROOT}/Manifest.lock",
			);
			name = "[CP] Check Pods Manifest.lock";
			outputFileListPaths = (
			);
			outputPaths = (
				"$(DERIVED_FILE_DIR)/Pods-NotaFrescaTests-checkManifestLockResult.txt",
			);
			runOnlyForDeploymentPostprocessing = 0;
			shellPath = /bin/sh;
			shellScript = "diff \"${PODS_PODFILE_DIR_PATH}/Podfile.lock\" \"${PODS_ROOT}/Manifest.lock\" > /dev/null\nif [ $? != 0 ] ; then\n    # print error to STDERR\n    echo \"error: The sandbox is not in sync with the Podfile.lock. Run 'pod install' or update your CocoaPods installation.\" >&2\n    exit 1\nfi\n# This output is used by Xcode 'outputs' to avoid re-running this script phase.\necho \"SUCCESS\" > \"${SCRIPT_OUTPUT_FILE_0}\"\n";
			showEnvVarsInLog = 0;
		};
		C666A947CDF6C8A1DC6A77C1 /* [CP] Embed Pods Frameworks */ = {
			isa = PBXShellScriptBuildPhase;
			buildActionMask = 2147483647;
			files = (
			);
			inputFileListPaths = (
				"${PODS_ROOT}/Target Support Files/Pods-NotaFresca/Pods-NotaFresca-frameworks-${CONFIGURATION}-input-files.xcfilelist",
			);
			name = "[CP] Embed Pods Frameworks";
			outputFileListPaths = (
				"${PODS_ROOT}/Target Support Files/Pods-NotaFresca/Pods-NotaFresca-frameworks-${CONFIGURATION}-output-files.xcfilelist",
			);
			runOnlyForDeploymentPostprocessing = 0;
			shellPath = /bin/sh;
			shellScript = "\"${PODS_ROOT}/Target Support Files/Pods-NotaFresca/Pods-NotaFresca-frameworks.sh\"\n";
			showEnvVarsInLog = 0;
		};
/* End PBXShellScriptBuildPhase section */

/* Begin PBXSourcesBuildPhase section */
		0D63739522B2F17300CFB4E2 /* Sources */ = {
			isa = PBXSourcesBuildPhase;
			buildActionMask = 2147483647;
			files = (
				0D63739F22B2F17300CFB4E2 /* NoteViewController.swift in Sources */,
				0D00F59322BC376F00420EDD /* NoteEditorViewController.swift in Sources */,
				0D07FF7122C42E6E000CA632 /* DateFormatHelper.swift in Sources */,
				0D746AD722D11C2D007A86DF /* NSTableViewExtension.swift in Sources */,
				0D61326122F3A01A007AB6AD /* BaseViewController.swift in Sources */,
				0D746ACF22CD7730007A86DF /* DatabaseHelper.swift in Sources */,
				0D746ADE22D29CFA007A86DF /* DialogHelper.swift in Sources */,
				0D00F58F22BC2E4800420EDD /* NoteBrowserViewController.swift in Sources */,
				0D746AE022D542D9007A86DF /* BaseRepository.swift in Sources */,
				0D746AD522D0FEEA007A86DF /* NoteDataStruct.swift in Sources */,
				0D00F58D22BC2D6700420EDD /* NoteModel.swift in Sources */,
				0D746ADC22D2939D007A86DF /* NoteEditorSyncDelegate.swift in Sources */,
				0D746AD122CEC362007A86DF /* BaseModel.swift in Sources */,
				0DF085D622B3025D00EBF9EC /* AppWindowController.swift in Sources */,
				0DF9E57922EA458200134D23 /* I18nHelper.swift in Sources */,
				0D00F59822BC505900420EDD /* NoteRepository.swift in Sources */,
				0D40114D22C1700F00A1EC0A /* StringTruncateExtension.swift in Sources */,
				0D00F59122BC2EF700420EDD /* NoteBrowserCellView.swift in Sources */,
				0D63739D22B2F17300CFB4E2 /* AppDelegate.swift in Sources */,
			);
			runOnlyForDeploymentPostprocessing = 0;
		};
		0D6373A722B2F17400CFB4E2 /* Sources */ = {
			isa = PBXSourcesBuildPhase;
			buildActionMask = 2147483647;
			files = (
				0D6373B022B2F17400CFB4E2 /* NotaFrescaTests.swift in Sources */,
			);
			runOnlyForDeploymentPostprocessing = 0;
		};
		0D6373B222B2F17400CFB4E2 /* Sources */ = {
			isa = PBXSourcesBuildPhase;
			buildActionMask = 2147483647;
			files = (
				0D6373BB22B2F17400CFB4E2 /* NotaFrescaUITests.swift in Sources */,
			);
			runOnlyForDeploymentPostprocessing = 0;
		};
/* End PBXSourcesBuildPhase section */

/* Begin PBXTargetDependency section */
		0D6373AD22B2F17400CFB4E2 /* PBXTargetDependency */ = {
			isa = PBXTargetDependency;
			target = 0D63739822B2F17300CFB4E2 /* NotaFresca */;
			targetProxy = 0D6373AC22B2F17400CFB4E2 /* PBXContainerItemProxy */;
		};
		0D6373B822B2F17400CFB4E2 /* PBXTargetDependency */ = {
			isa = PBXTargetDependency;
			target = 0D63739822B2F17300CFB4E2 /* NotaFresca */;
			targetProxy = 0D6373B722B2F17400CFB4E2 /* PBXContainerItemProxy */;
		};
/* End PBXTargetDependency section */

/* Begin PBXVariantGroup section */
		0D6373A222B2F17400CFB4E2 /* Main.storyboard */ = {
			isa = PBXVariantGroup;
			children = (
				0D6373A322B2F17400CFB4E2 /* Base */,
			);
			name = Main.storyboard;
			sourceTree = "<group>";
		};
/* End PBXVariantGroup section */

/* Begin XCBuildConfiguration section */
		0D6373BD22B2F17400CFB4E2 /* Debug */ = {
			isa = XCBuildConfiguration;
			buildSettings = {
				ALWAYS_SEARCH_USER_PATHS = NO;
				CLANG_ANALYZER_NONNULL = YES;
				CLANG_ANALYZER_NUMBER_OBJECT_CONVERSION = YES_AGGRESSIVE;
				CLANG_CXX_LANGUAGE_STANDARD = "gnu++14";
				CLANG_CXX_LIBRARY = "libc++";
				CLANG_ENABLE_MODULES = YES;
				CLANG_ENABLE_OBJC_ARC = YES;
				CLANG_ENABLE_OBJC_WEAK = YES;
				CLANG_WARN_BLOCK_CAPTURE_AUTORELEASING = YES;
				CLANG_WARN_BOOL_CONVERSION = YES;
				CLANG_WARN_COMMA = YES;
				CLANG_WARN_CONSTANT_CONVERSION = YES;
				CLANG_WARN_DEPRECATED_OBJC_IMPLEMENTATIONS = YES;
				CLANG_WARN_DIRECT_OBJC_ISA_USAGE = YES_ERROR;
				CLANG_WARN_DOCUMENTATION_COMMENTS = YES;
				CLANG_WARN_EMPTY_BODY = YES;
				CLANG_WARN_ENUM_CONVERSION = YES;
				CLANG_WARN_INFINITE_RECURSION = YES;
				CLANG_WARN_INT_CONVERSION = YES;
				CLANG_WARN_NON_LITERAL_NULL_CONVERSION = YES;
				CLANG_WARN_OBJC_IMPLICIT_RETAIN_SELF = YES;
				CLANG_WARN_OBJC_LITERAL_CONVERSION = YES;
				CLANG_WARN_OBJC_ROOT_CLASS = YES_ERROR;
				CLANG_WARN_RANGE_LOOP_ANALYSIS = YES;
				CLANG_WARN_STRICT_PROTOTYPES = YES;
				CLANG_WARN_SUSPICIOUS_MOVE = YES;
				CLANG_WARN_UNGUARDED_AVAILABILITY = YES_AGGRESSIVE;
				CLANG_WARN_UNREACHABLE_CODE = YES;
				CLANG_WARN__DUPLICATE_METHOD_MATCH = YES;
				CODE_SIGN_IDENTITY = "-";
				COPY_PHASE_STRIP = NO;
				DEBUG_INFORMATION_FORMAT = dwarf;
				ENABLE_STRICT_OBJC_MSGSEND = YES;
				ENABLE_TESTABILITY = YES;
				GCC_C_LANGUAGE_STANDARD = gnu11;
				GCC_DYNAMIC_NO_PIC = NO;
				GCC_NO_COMMON_BLOCKS = YES;
				GCC_OPTIMIZATION_LEVEL = 0;
				GCC_PREPROCESSOR_DEFINITIONS = (
					"DEBUG=1",
					"$(inherited)",
				);
				GCC_WARN_64_TO_32_BIT_CONVERSION = YES;
				GCC_WARN_ABOUT_RETURN_TYPE = YES_ERROR;
				GCC_WARN_UNDECLARED_SELECTOR = YES;
				GCC_WARN_UNINITIALIZED_AUTOS = YES_AGGRESSIVE;
				GCC_WARN_UNUSED_FUNCTION = YES;
				GCC_WARN_UNUSED_VARIABLE = YES;
				MACOSX_DEPLOYMENT_TARGET = 10.14;
				MTL_ENABLE_DEBUG_INFO = INCLUDE_SOURCE;
				MTL_FAST_MATH = YES;
				ONLY_ACTIVE_ARCH = YES;
				SDKROOT = macosx;
				SWIFT_ACTIVE_COMPILATION_CONDITIONS = DEBUG;
				SWIFT_OPTIMIZATION_LEVEL = "-Onone";
			};
			name = Debug;
		};
		0D6373BE22B2F17400CFB4E2 /* Release */ = {
			isa = XCBuildConfiguration;
			buildSettings = {
				ALWAYS_SEARCH_USER_PATHS = NO;
				CLANG_ANALYZER_NONNULL = YES;
				CLANG_ANALYZER_NUMBER_OBJECT_CONVERSION = YES_AGGRESSIVE;
				CLANG_CXX_LANGUAGE_STANDARD = "gnu++14";
				CLANG_CXX_LIBRARY = "libc++";
				CLANG_ENABLE_MODULES = YES;
				CLANG_ENABLE_OBJC_ARC = YES;
				CLANG_ENABLE_OBJC_WEAK = YES;
				CLANG_WARN_BLOCK_CAPTURE_AUTORELEASING = YES;
				CLANG_WARN_BOOL_CONVERSION = YES;
				CLANG_WARN_COMMA = YES;
				CLANG_WARN_CONSTANT_CONVERSION = YES;
				CLANG_WARN_DEPRECATED_OBJC_IMPLEMENTATIONS = YES;
				CLANG_WARN_DIRECT_OBJC_ISA_USAGE = YES_ERROR;
				CLANG_WARN_DOCUMENTATION_COMMENTS = YES;
				CLANG_WARN_EMPTY_BODY = YES;
				CLANG_WARN_ENUM_CONVERSION = YES;
				CLANG_WARN_INFINITE_RECURSION = YES;
				CLANG_WARN_INT_CONVERSION = YES;
				CLANG_WARN_NON_LITERAL_NULL_CONVERSION = YES;
				CLANG_WARN_OBJC_IMPLICIT_RETAIN_SELF = YES;
				CLANG_WARN_OBJC_LITERAL_CONVERSION = YES;
				CLANG_WARN_OBJC_ROOT_CLASS = YES_ERROR;
				CLANG_WARN_RANGE_LOOP_ANALYSIS = YES;
				CLANG_WARN_STRICT_PROTOTYPES = YES;
				CLANG_WARN_SUSPICIOUS_MOVE = YES;
				CLANG_WARN_UNGUARDED_AVAILABILITY = YES_AGGRESSIVE;
				CLANG_WARN_UNREACHABLE_CODE = YES;
				CLANG_WARN__DUPLICATE_METHOD_MATCH = YES;
				CODE_SIGN_IDENTITY = "-";
				COPY_PHASE_STRIP = NO;
				DEBUG_INFORMATION_FORMAT = "dwarf-with-dsym";
				ENABLE_NS_ASSERTIONS = NO;
				ENABLE_STRICT_OBJC_MSGSEND = YES;
				GCC_C_LANGUAGE_STANDARD = gnu11;
				GCC_NO_COMMON_BLOCKS = YES;
				GCC_WARN_64_TO_32_BIT_CONVERSION = YES;
				GCC_WARN_ABOUT_RETURN_TYPE = YES_ERROR;
				GCC_WARN_UNDECLARED_SELECTOR = YES;
				GCC_WARN_UNINITIALIZED_AUTOS = YES_AGGRESSIVE;
				GCC_WARN_UNUSED_FUNCTION = YES;
				GCC_WARN_UNUSED_VARIABLE = YES;
				MACOSX_DEPLOYMENT_TARGET = 10.14;
				MTL_ENABLE_DEBUG_INFO = NO;
				MTL_FAST_MATH = YES;
				SDKROOT = macosx;
				SWIFT_COMPILATION_MODE = wholemodule;
				SWIFT_OPTIMIZATION_LEVEL = "-O";
			};
			name = Release;
		};
		0D6373C022B2F17400CFB4E2 /* Debug */ = {
			isa = XCBuildConfiguration;
			baseConfigurationReference = 1F0A6B6724A84A1896CB4E60 /* Pods-NotaFresca.debug.xcconfig */;
			buildSettings = {
				ASSETCATALOG_COMPILER_APPICON_NAME = AppIcon;
				CODE_SIGN_ENTITLEMENTS = NotaFresca/NotaFresca.entitlements;
				CODE_SIGN_STYLE = Automatic;
				COMBINE_HIDPI_IMAGES = YES;
				DEVELOPMENT_TEAM = 6RMS3DUYWM;
				INFOPLIST_FILE = NotaFresca/Info.plist;
				LD_RUNPATH_SEARCH_PATHS = (
					"$(inherited)",
					"@executable_path/../Frameworks",
				);
				PRODUCT_BUNDLE_IDENTIFIER = com.cognophile.NotaFresca;
				PRODUCT_NAME = "$(TARGET_NAME)";
				SWIFT_VERSION = 5.0;
			};
			name = Debug;
		};
		0D6373C122B2F17400CFB4E2 /* Release */ = {
			isa = XCBuildConfiguration;
			baseConfigurationReference = 51E87223DF0975A125B8C152 /* Pods-NotaFresca.release.xcconfig */;
			buildSettings = {
				ASSETCATALOG_COMPILER_APPICON_NAME = AppIcon;
				CODE_SIGN_ENTITLEMENTS = NotaFresca/NotaFresca.entitlements;
				CODE_SIGN_STYLE = Automatic;
				COMBINE_HIDPI_IMAGES = YES;
				DEVELOPMENT_TEAM = 6RMS3DUYWM;
				INFOPLIST_FILE = NotaFresca/Info.plist;
				LD_RUNPATH_SEARCH_PATHS = (
					"$(inherited)",
					"@executable_path/../Frameworks",
				);
				PRODUCT_BUNDLE_IDENTIFIER = com.cognophile.NotaFresca;
				PRODUCT_NAME = "$(TARGET_NAME)";
				SWIFT_VERSION = 5.0;
			};
			name = Release;
		};
		0D6373C322B2F17400CFB4E2 /* Debug */ = {
			isa = XCBuildConfiguration;
			baseConfigurationReference = 5AA42E22A7EE72B521FB4856 /* Pods-NotaFrescaTests.debug.xcconfig */;
			buildSettings = {
				ALWAYS_EMBED_SWIFT_STANDARD_LIBRARIES = YES;
				BUNDLE_LOADER = "$(TEST_HOST)";
				CODE_SIGN_STYLE = Automatic;
				COMBINE_HIDPI_IMAGES = YES;
				INFOPLIST_FILE = NotaFrescaTests/Info.plist;
				LD_RUNPATH_SEARCH_PATHS = (
					"$(inherited)",
					"@executable_path/../Frameworks",
					"@loader_path/../Frameworks",
				);
				PRODUCT_BUNDLE_IDENTIFIER = com.cognophile.NotaFrescaTests;
				PRODUCT_NAME = "$(TARGET_NAME)";
				SWIFT_VERSION = 5.0;
				TEST_HOST = "$(BUILT_PRODUCTS_DIR)/NotaFresca.app/Contents/MacOS/NotaFresca";
			};
			name = Debug;
		};
		0D6373C422B2F17400CFB4E2 /* Release */ = {
			isa = XCBuildConfiguration;
			baseConfigurationReference = 9B003FB5815D5B42826B713A /* Pods-NotaFrescaTests.release.xcconfig */;
			buildSettings = {
				ALWAYS_EMBED_SWIFT_STANDARD_LIBRARIES = YES;
				BUNDLE_LOADER = "$(TEST_HOST)";
				CODE_SIGN_STYLE = Automatic;
				COMBINE_HIDPI_IMAGES = YES;
				INFOPLIST_FILE = NotaFrescaTests/Info.plist;
				LD_RUNPATH_SEARCH_PATHS = (
					"$(inherited)",
					"@executable_path/../Frameworks",
					"@loader_path/../Frameworks",
				);
				PRODUCT_BUNDLE_IDENTIFIER = com.cognophile.NotaFrescaTests;
				PRODUCT_NAME = "$(TARGET_NAME)";
				SWIFT_VERSION = 5.0;
				TEST_HOST = "$(BUILT_PRODUCTS_DIR)/NotaFresca.app/Contents/MacOS/NotaFresca";
			};
			name = Release;
		};
		0D6373C622B2F17400CFB4E2 /* Debug */ = {
			isa = XCBuildConfiguration;
			baseConfigurationReference = FB77D463926751B0C318FF5E /* Pods-NotaFrescaUITests.debug.xcconfig */;
			buildSettings = {
				ALWAYS_EMBED_SWIFT_STANDARD_LIBRARIES = YES;
				CODE_SIGN_STYLE = Automatic;
				COMBINE_HIDPI_IMAGES = YES;
				INFOPLIST_FILE = NotaFrescaUITests/Info.plist;
				LD_RUNPATH_SEARCH_PATHS = (
					"$(inherited)",
					"@executable_path/../Frameworks",
					"@loader_path/../Frameworks",
				);
				PRODUCT_BUNDLE_IDENTIFIER = com.cognophile.NotaFrescaUITests;
				PRODUCT_NAME = "$(TARGET_NAME)";
				SWIFT_VERSION = 5.0;
				TEST_TARGET_NAME = NotaFresca;
			};
			name = Debug;
		};
		0D6373C722B2F17400CFB4E2 /* Release */ = {
			isa = XCBuildConfiguration;
			baseConfigurationReference = D16EE09163DCD9DBF1BC9B31 /* Pods-NotaFrescaUITests.release.xcconfig */;
			buildSettings = {
				ALWAYS_EMBED_SWIFT_STANDARD_LIBRARIES = YES;
				CODE_SIGN_STYLE = Automatic;
				COMBINE_HIDPI_IMAGES = YES;
				INFOPLIST_FILE = NotaFrescaUITests/Info.plist;
				LD_RUNPATH_SEARCH_PATHS = (
					"$(inherited)",
					"@executable_path/../Frameworks",
					"@loader_path/../Frameworks",
				);
				PRODUCT_BUNDLE_IDENTIFIER = com.cognophile.NotaFrescaUITests;
				PRODUCT_NAME = "$(TARGET_NAME)";
				SWIFT_VERSION = 5.0;
				TEST_TARGET_NAME = NotaFresca;
			};
			name = Release;
		};
/* End XCBuildConfiguration section */

/* Begin XCConfigurationList section */
		0D63739422B2F17200CFB4E2 /* Build configuration list for PBXProject "NotaFresca" */ = {
			isa = XCConfigurationList;
			buildConfigurations = (
				0D6373BD22B2F17400CFB4E2 /* Debug */,
				0D6373BE22B2F17400CFB4E2 /* Release */,
			);
			defaultConfigurationIsVisible = 0;
			defaultConfigurationName = Release;
		};
		0D6373BF22B2F17400CFB4E2 /* Build configuration list for PBXNativeTarget "NotaFresca" */ = {
			isa = XCConfigurationList;
			buildConfigurations = (
				0D6373C022B2F17400CFB4E2 /* Debug */,
				0D6373C122B2F17400CFB4E2 /* Release */,
			);
			defaultConfigurationIsVisible = 0;
			defaultConfigurationName = Release;
		};
		0D6373C222B2F17400CFB4E2 /* Build configuration list for PBXNativeTarget "NotaFrescaTests" */ = {
			isa = XCConfigurationList;
			buildConfigurations = (
				0D6373C322B2F17400CFB4E2 /* Debug */,
				0D6373C422B2F17400CFB4E2 /* Release */,
			);
			defaultConfigurationIsVisible = 0;
			defaultConfigurationName = Release;
		};
		0D6373C522B2F17400CFB4E2 /* Build configuration list for PBXNativeTarget "NotaFrescaUITests" */ = {
			isa = XCConfigurationList;
			buildConfigurations = (
				0D6373C622B2F17400CFB4E2 /* Debug */,
				0D6373C722B2F17400CFB4E2 /* Release */,
			);
			defaultConfigurationIsVisible = 0;
			defaultConfigurationName = Release;
		};
/* End XCConfigurationList section */
	};
	rootObject = 0D63739122B2F17200CFB4E2 /* Project object */;
}
